{
  "version": 4,
  "terraform_version": "1.4.6",
  "serial": 64,
  "lineage": "37e54ee2-2be8-68ab-7811-048cd653d87b",
  "outputs": {},
  "resources": [
    {
      "mode": "managed",
      "type": "cloudflare_record",
      "name": "advancedautomation",
      "provider": "provider[\"registry.terraform.io/cloudflare/cloudflare\"]",
      "instances": [
        {
          "index_key": 0,
          "schema_version": 2,
          "attributes": {
            "allow_overwrite": false,
            "comment": "",
            "created_on": "2023-05-30T13:12:18.122557Z",
            "data": [],
            "hostname": "cloud0.nikio.io",
            "id": "667b5668eea942be224577d2851795c2",
            "metadata": {
              "auto_added": "false",
              "managed_by_apps": "false",
              "managed_by_argo_tunnel": "false",
              "source": "primary"
            },
            "modified_on": "2023-05-30T13:12:18.122557Z",
            "name": "cloud0.nikio.io",
            "priority": null,
            "proxiable": false,
            "proxied": false,
            "tags": [],
            "timeouts": null,
            "ttl": 60,
            "type": "A",
            "value": "10.0.1.4",
            "zone_id": "399c1895e7ce40c9a5d522ccf94a945a"
          },
          "sensitive_attributes": [],
          "private": "eyJlMmJmYjczMC1lY2FhLTExZTYtOGY4OC0zNDM2M2JjN2M0YzAiOnsiY3JlYXRlIjozMDAwMDAwMDAwMCwidXBkYXRlIjozMDAwMDAwMDAwMH0sInNjaGVtYV92ZXJzaW9uIjoiMiJ9",
          "dependencies": [
            "hcloud_firewall.bastion-firewall",
            "hcloud_firewall.firewall",
            "hcloud_load_balancer.loadbalancer1",
            "hcloud_network.network",
            "hcloud_server.bastion",
            "hcloud_server.webserver",
            "hcloud_ssh_key.marc"
          ]
        },
        {
          "index_key": 1,
          "schema_version": 2,
          "attributes": {
            "allow_overwrite": false,
            "comment": "",
            "created_on": "2023-05-30T13:12:18.25838Z",
            "data": [],
            "hostname": "cloud1.nikio.io",
            "id": "262c308d9a917733613f3ae16e8a9939",
            "metadata": {
              "auto_added": "false",
              "managed_by_apps": "false",
              "managed_by_argo_tunnel": "false",
              "source": "primary"
            },
            "modified_on": "2023-05-30T13:12:18.25838Z",
            "name": "cloud1.nikio.io",
            "priority": null,
            "proxiable": false,
            "proxied": false,
            "tags": [],
            "timeouts": null,
            "ttl": 60,
            "type": "A",
            "value": "10.0.1.3",
            "zone_id": "399c1895e7ce40c9a5d522ccf94a945a"
          },
          "sensitive_attributes": [],
          "private": "eyJlMmJmYjczMC1lY2FhLTExZTYtOGY4OC0zNDM2M2JjN2M0YzAiOnsiY3JlYXRlIjozMDAwMDAwMDAwMCwidXBkYXRlIjozMDAwMDAwMDAwMH0sInNjaGVtYV92ZXJzaW9uIjoiMiJ9",
          "dependencies": [
            "hcloud_firewall.bastion-firewall",
            "hcloud_firewall.firewall",
            "hcloud_load_balancer.loadbalancer1",
            "hcloud_network.network",
            "hcloud_server.bastion",
            "hcloud_server.webserver",
            "hcloud_ssh_key.marc"
          ]
        }
      ]
    },
    {
      "mode": "managed",
      "type": "cloudflare_record",
      "name": "advancedautomation_lb",
      "provider": "provider[\"registry.terraform.io/cloudflare/cloudflare\"]",
      "instances": [
        {
          "schema_version": 2,
          "attributes": {
            "allow_overwrite": false,
            "comment": "",
            "created_on": "2023-05-30T13:11:22.737941Z",
            "data": [],
            "hostname": "loadbalancer.nikio.io",
            "id": "5b0104fe2ae20660002e86c51c193979",
            "metadata": {
              "auto_added": "false",
              "managed_by_apps": "false",
              "managed_by_argo_tunnel": "false",
              "source": "primary"
            },
            "modified_on": "2023-05-30T13:11:22.737941Z",
            "name": "loadbalancer.nikio.io",
            "priority": null,
            "proxiable": true,
            "proxied": false,
            "tags": [],
            "timeouts": null,
            "ttl": 60,
            "type": "A",
            "value": "162.55.157.12",
            "zone_id": "399c1895e7ce40c9a5d522ccf94a945a"
          },
          "sensitive_attributes": [],
          "private": "eyJlMmJmYjczMC1lY2FhLTExZTYtOGY4OC0zNDM2M2JjN2M0YzAiOnsiY3JlYXRlIjozMDAwMDAwMDAwMCwidXBkYXRlIjozMDAwMDAwMDAwMH0sInNjaGVtYV92ZXJzaW9uIjoiMiJ9",
          "dependencies": [
            "hcloud_load_balancer.loadbalancer1"
          ]
        }
      ]
    },
    {
      "mode": "managed",
      "type": "cloudflare_record",
      "name": "bastion",
      "provider": "provider[\"registry.terraform.io/cloudflare/cloudflare\"]",
      "instances": [
        {
          "schema_version": 2,
          "attributes": {
            "allow_overwrite": false,
            "comment": "",
            "created_on": "2023-05-30T13:11:48.691765Z",
            "data": [],
            "hostname": "bastion.nikio.io",
            "id": "39e1f43442233be3155a7b502537073e",
            "metadata": {
              "auto_added": "false",
              "managed_by_apps": "false",
              "managed_by_argo_tunnel": "false",
              "source": "primary"
            },
            "modified_on": "2023-05-30T13:11:48.691765Z",
            "name": "bastion.nikio.io",
            "priority": null,
            "proxiable": true,
            "proxied": false,
            "tags": [],
            "timeouts": null,
            "ttl": 60,
            "type": "A",
            "value": "116.203.242.254",
            "zone_id": "399c1895e7ce40c9a5d522ccf94a945a"
          },
          "sensitive_attributes": [],
          "private": "eyJlMmJmYjczMC1lY2FhLTExZTYtOGY4OC0zNDM2M2JjN2M0YzAiOnsiY3JlYXRlIjozMDAwMDAwMDAwMCwidXBkYXRlIjozMDAwMDAwMDAwMH0sInNjaGVtYV92ZXJzaW9uIjoiMiJ9",
          "dependencies": [
            "hcloud_firewall.bastion-firewall",
            "hcloud_network.network",
            "hcloud_server.bastion",
            "hcloud_ssh_key.marc"
          ]
        }
      ]
    },
    {
      "mode": "managed",
      "type": "hcloud_firewall",
      "name": "bastion-firewall",
      "provider": "provider[\"registry.terraform.io/hetznercloud/hcloud\"]",
      "instances": [
        {
          "schema_version": 0,
          "attributes": {
            "apply_to": [
              {
                "label_selector": "",
                "server": 33105822
              }
            ],
            "id": "902055",
            "labels": {},
            "name": "bastion-firewall",
            "rule": [
              {
                "description": "",
                "destination_ips": [],
                "direction": "in",
                "port": "22",
                "protocol": "tcp",
                "source_ips": [
                  "0.0.0.0/0",
                  "::/0"
                ]
              }
            ]
          },
          "sensitive_attributes": [],
          "private": "bnVsbA=="
        }
      ]
    },
    {
      "mode": "managed",
      "type": "hcloud_firewall",
      "name": "firewall",
      "provider": "provider[\"registry.terraform.io/hetznercloud/hcloud\"]",
      "instances": [
        {
          "schema_version": 0,
          "attributes": {
            "apply_to": [
              {
                "label_selector": "",
                "server": 33105850
              },
              {
                "label_selector": "",
                "server": 33105851
              }
            ],
            "id": "902056",
            "labels": {},
            "name": "firewall",
            "rule": [
              {
                "description": "",
                "destination_ips": [],
                "direction": "in",
                "port": "22",
                "protocol": "tcp",
                "source_ips": [
                  "10.0.1.2/32"
                ]
              },
              {
                "description": "",
                "destination_ips": [],
                "direction": "in",
                "port": "443",
                "protocol": "tcp",
                "source_ips": [
                  "116.203.242.254/32",
                  "162.55.157.12/32"
                ]
              },
              {
                "description": "",
                "destination_ips": [],
                "direction": "in",
                "port": "80",
                "protocol": "tcp",
                "source_ips": [
                  "116.203.242.254/32",
                  "162.55.157.12/32"
                ]
              }
            ]
          },
          "sensitive_attributes": [],
          "private": "bnVsbA==",
          "dependencies": [
            "hcloud_firewall.bastion-firewall",
            "hcloud_load_balancer.loadbalancer1",
            "hcloud_network.network",
            "hcloud_server.bastion",
            "hcloud_ssh_key.marc"
          ]
        }
      ]
    },
    {
      "mode": "managed",
      "type": "hcloud_load_balancer",
      "name": "loadbalancer1",
      "provider": "provider[\"registry.terraform.io/hetznercloud/hcloud\"]",
      "instances": [
        {
          "schema_version": 0,
          "attributes": {
            "algorithm": [
              {
                "type": "round_robin"
              }
            ],
            "delete_protection": false,
            "id": "1284930",
            "ipv4": "162.55.157.12",
            "ipv6": "2a01:4f8:1c1d:3fa::1",
            "labels": {},
            "load_balancer_type": "lb11",
            "location": "nbg1",
            "name": "loadbalancer.nikio.io",
            "network_id": 2946401,
            "network_ip": "10.0.1.1",
            "network_zone": "eu-central",
            "target": [
              {
                "server_id": 33105850,
                "type": "server",
                "use_private_ip": false
              },
              {
                "server_id": 33105851,
                "type": "server",
                "use_private_ip": false
              }
            ]
          },
          "sensitive_attributes": [],
          "private": "bnVsbA=="
        }
      ]
    },
    {
      "mode": "managed",
      "type": "hcloud_load_balancer_network",
      "name": "loadbalancernetwork",
      "provider": "provider[\"registry.terraform.io/hetznercloud/hcloud\"]",
      "instances": [
        {
          "schema_version": 0,
          "attributes": {
            "enable_public_interface": true,
            "id": "1284930-2946401",
            "ip": "10.0.1.1",
            "load_balancer_id": 1284930,
            "network_id": 2946401,
            "subnet_id": null
          },
          "sensitive_attributes": [],
          "private": "bnVsbA==",
          "dependencies": [
            "hcloud_load_balancer.loadbalancer1",
            "hcloud_network.network"
          ]
        }
      ]
    },
    {
      "mode": "managed",
      "type": "hcloud_load_balancer_service",
      "name": "load_balancer_service_http",
      "provider": "provider[\"registry.terraform.io/hetznercloud/hcloud\"]",
      "instances": [
        {
          "schema_version": 0,
          "attributes": {
            "destination_port": 80,
            "health_check": [
              {
                "http": [
                  {
                    "domain": "",
                    "path": "/",
                    "response": "",
                    "status_codes": [
                      "2??",
                      "3??"
                    ],
                    "tls": false
                  }
                ],
                "interval": 15,
                "port": 80,
                "protocol": "http",
                "retries": 3,
                "timeout": 10
              }
            ],
            "http": [
              {
                "certificates": [],
                "cookie_lifetime": 300,
                "cookie_name": "HCLBSTICKY",
                "redirect_http": false,
                "sticky_sessions": false
              }
            ],
            "id": "1284930__80",
            "listen_port": 80,
            "load_balancer_id": "1284930",
            "protocol": "http",
            "proxyprotocol": false
          },
          "sensitive_attributes": [],
          "private": "bnVsbA==",
          "dependencies": [
            "hcloud_load_balancer.loadbalancer1"
          ]
        }
      ]
    },
    {
      "mode": "managed",
      "type": "hcloud_load_balancer_service",
      "name": "load_balancer_service_https",
      "provider": "provider[\"registry.terraform.io/hetznercloud/hcloud\"]",
      "instances": [
        {
          "schema_version": 0,
          "attributes": {
            "destination_port": 443,
            "health_check": [
              {
                "http": [],
                "interval": 15,
                "port": 443,
                "protocol": "tcp",
                "retries": 3,
                "timeout": 10
              }
            ],
            "http": [],
            "id": "1284930__443",
            "listen_port": 443,
            "load_balancer_id": "1284930",
            "protocol": "tcp",
            "proxyprotocol": false
          },
          "sensitive_attributes": [],
          "private": "bnVsbA==",
          "dependencies": [
            "hcloud_load_balancer.loadbalancer1"
          ]
        }
      ]
    },
    {
      "mode": "managed",
      "type": "hcloud_load_balancer_target",
      "name": "load_balancer_target",
      "provider": "provider[\"registry.terraform.io/hetznercloud/hcloud\"]",
      "instances": [
        {
          "index_key": 0,
          "schema_version": 0,
          "attributes": {
            "id": "lb-srv-tgt-33105851-1284930",
            "ip": null,
            "label_selector": null,
            "load_balancer_id": 1284930,
            "server_id": 33105851,
            "type": "server",
            "use_private_ip": false
          },
          "sensitive_attributes": [],
          "private": "bnVsbA==",
          "dependencies": [
            "hcloud_firewall.bastion-firewall",
            "hcloud_firewall.firewall",
            "hcloud_load_balancer.loadbalancer1",
            "hcloud_network.network",
            "hcloud_server.bastion",
            "hcloud_server.webserver",
            "hcloud_ssh_key.marc"
          ]
        },
        {
          "index_key": 1,
          "schema_version": 0,
          "attributes": {
            "id": "lb-srv-tgt-33105850-1284930",
            "ip": null,
            "label_selector": null,
            "load_balancer_id": 1284930,
            "server_id": 33105850,
            "type": "server",
            "use_private_ip": false
          },
          "sensitive_attributes": [],
          "private": "bnVsbA==",
          "dependencies": [
            "hcloud_firewall.bastion-firewall",
            "hcloud_firewall.firewall",
            "hcloud_load_balancer.loadbalancer1",
            "hcloud_network.network",
            "hcloud_server.bastion",
            "hcloud_server.webserver",
            "hcloud_ssh_key.marc"
          ]
        }
      ]
    },
    {
      "mode": "managed",
      "type": "hcloud_network",
      "name": "network",
      "provider": "provider[\"registry.terraform.io/hetznercloud/hcloud\"]",
      "instances": [
        {
          "schema_version": 0,
          "attributes": {
            "delete_protection": false,
            "id": "2946401",
            "ip_range": "10.0.0.0/16",
            "labels": {},
            "name": "my-net"
          },
          "sensitive_attributes": [],
          "private": "bnVsbA=="
        }
      ]
    },
    {
      "mode": "managed",
      "type": "hcloud_network_subnet",
      "name": "subnet",
      "provider": "provider[\"registry.terraform.io/hetznercloud/hcloud\"]",
      "instances": [
        {
          "schema_version": 0,
          "attributes": {
            "gateway": "10.0.0.1",
            "id": "2946401-10.0.1.0/24",
            "ip_range": "10.0.1.0/24",
            "network_id": 2946401,
            "network_zone": "eu-central",
            "type": "cloud",
            "vswitch_id": null
          },
          "sensitive_attributes": [],
          "private": "bnVsbA==",
          "dependencies": [
            "hcloud_network.network"
          ]
        }
      ]
    },
    {
      "mode": "managed",
      "type": "hcloud_server",
      "name": "bastion",
      "provider": "provider[\"registry.terraform.io/hetznercloud/hcloud\"]",
      "instances": [
        {
          "schema_version": 0,
          "attributes": {
            "allow_deprecated_images": false,
            "backup_window": "",
            "backups": false,
            "datacenter": "nbg1-dc3",
            "delete_protection": false,
            "firewall_ids": [
              902055
            ],
            "id": "33105822",
            "ignore_remote_firewall_ids": false,
            "image": "centos-stream-9",
            "ipv4_address": "116.203.242.254",
            "ipv6_address": "2a01:4f8:c2c:8e83::1",
            "ipv6_network": "2a01:4f8:c2c:8e83::/64",
            "iso": null,
            "keep_disk": false,
            "labels": {},
            "location": "nbg1",
            "name": "bastion.nikio.io",
            "network": [
              {
                "alias_ips": [],
                "ip": "10.0.1.2",
                "mac_address": "86:00:00:49:c1:6a",
                "network_id": 2946401
              }
            ],
            "placement_group_id": null,
            "public_net": [],
            "rebuild_protection": false,
            "rescue": null,
            "server_type": "cx11",
            "ssh_keys": [
              "11303668"
            ],
            "status": "running",
            "timeouts": null,
            "user_data": null
          },
          "sensitive_attributes": [],
          "private": "eyJlMmJmYjczMC1lY2FhLTExZTYtOGY4OC0zNDM2M2JjN2M0YzAiOnsiY3JlYXRlIjo1NDAwMDAwMDAwMDAwfX0=",
          "dependencies": [
            "hcloud_firewall.bastion-firewall",
            "hcloud_network.network",
            "hcloud_ssh_key.marc"
          ]
        }
      ]
    },
    {
      "mode": "managed",
      "type": "hcloud_server",
      "name": "webserver",
      "provider": "provider[\"registry.terraform.io/hetznercloud/hcloud\"]",
      "instances": [
        {
          "index_key": 0,
          "schema_version": 0,
          "attributes": {
            "allow_deprecated_images": false,
            "backup_window": "",
            "backups": false,
            "datacenter": "nbg1-dc3",
            "delete_protection": false,
            "firewall_ids": [
              902056
            ],
            "id": "33105851",
            "ignore_remote_firewall_ids": false,
            "image": "centos-stream-9",
            "ipv4_address": "23.88.99.152",
            "ipv6_address": "2a01:4f8:c0c:3cd5::1",
            "ipv6_network": "2a01:4f8:c0c:3cd5::/64",
            "iso": null,
            "keep_disk": false,
            "labels": {},
            "location": "nbg1",
            "name": "cloud0.nikio.io",
            "network": [
              {
                "alias_ips": [],
                "ip": "10.0.1.4",
                "mac_address": "86:00:00:49:c1:6c",
                "network_id": 2946401
              }
            ],
            "placement_group_id": null,
            "public_net": [],
            "rebuild_protection": false,
            "rescue": null,
            "server_type": "cx11",
            "ssh_keys": [
              "11303668"
            ],
            "status": "running",
            "timeouts": null,
            "user_data": null
          },
          "sensitive_attributes": [],
          "private": "eyJlMmJmYjczMC1lY2FhLTExZTYtOGY4OC0zNDM2M2JjN2M0YzAiOnsiY3JlYXRlIjo1NDAwMDAwMDAwMDAwfX0=",
          "dependencies": [
            "hcloud_firewall.bastion-firewall",
            "hcloud_firewall.firewall",
            "hcloud_load_balancer.loadbalancer1",
            "hcloud_network.network",
            "hcloud_server.bastion",
            "hcloud_ssh_key.marc"
          ]
        },
        {
          "index_key": 1,
          "schema_version": 0,
          "attributes": {
            "allow_deprecated_images": false,
            "backup_window": "",
            "backups": false,
            "datacenter": "nbg1-dc3",
            "delete_protection": false,
            "firewall_ids": [
              902056
            ],
            "id": "33105850",
            "ignore_remote_firewall_ids": false,
            "image": "centos-stream-9",
            "ipv4_address": "167.235.25.164",
            "ipv6_address": "2a01:4f8:c0c:75dc::1",
            "ipv6_network": "2a01:4f8:c0c:75dc::/64",
            "iso": null,
            "keep_disk": false,
            "labels": {},
            "location": "nbg1",
            "name": "cloud1.nikio.io",
            "network": [
              {
                "alias_ips": [],
                "ip": "10.0.1.3",
                "mac_address": "86:00:00:49:c1:6b",
                "network_id": 2946401
              }
            ],
            "placement_group_id": null,
            "public_net": [],
            "rebuild_protection": false,
            "rescue": null,
            "server_type": "cx11",
            "ssh_keys": [
              "11303668"
            ],
            "status": "running",
            "timeouts": null,
            "user_data": null
          },
          "sensitive_attributes": [],
          "private": "eyJlMmJmYjczMC1lY2FhLTExZTYtOGY4OC0zNDM2M2JjN2M0YzAiOnsiY3JlYXRlIjo1NDAwMDAwMDAwMDAwfX0=",
          "dependencies": [
            "hcloud_firewall.bastion-firewall",
            "hcloud_firewall.firewall",
            "hcloud_load_balancer.loadbalancer1",
            "hcloud_network.network",
            "hcloud_server.bastion",
            "hcloud_ssh_key.marc"
          ]
        }
      ]
    },
    {
      "mode": "managed",
      "type": "hcloud_ssh_key",
      "name": "marc",
      "provider": "provider[\"registry.terraform.io/hetznercloud/hcloud\"]",
      "instances": [
        {
          "schema_version": 0,
          "attributes": {
            "fingerprint": "d2:a5:c0:95:e8:4a:03:85:b5:2b:26:37:fe:65:d2:e4",
            "id": "11303668",
            "labels": {},
            "name": "Marc",
            "public_key": "ssh-rsa AAAAB3NzaC1yc2EAAAADAQABAAABgQDPpsrQoYM4BY+7R2DJottERir779ZKDOd4RUg6NkknNLdZpmmzog7ofMYiRUCDDD+s60yKGHbfHgTXcOrQgOM6+2y0baBRQDkDsgNDycFhWD8Jd5HoONoVZFgrlOHgPMY87Wb6Q3nx6l6oRG8D6YXVBRBDleCMPV4Rgm1hvF8GAzLQxFVEN+bVeyIO8gIFJ/xpHJwzpzs1sCKQKnVGvnz1NijsIQ7aEVEhxhSXBvv6HKhfizXjfgL+P43FUu5QifNm4QuW0DsW8y3D3CA7SghRZ3uWq69be+27nWC5/nvWOrs1jye72U9Ie8LNO5Yf17l9XobXMGK7vPbWHr+aO5pLHaCQuWtGXvvvvdDIvg+h5bOL6noaKry5R5MjtAiAFmO+Hg6/9kVmHEC6wWy4WrclBAP4dif+f2aElWme9hROM4KYpQVNU6oX+Rzr4xa/px5rbY0pOL6Ii/tTO2psCwoekowYTA3oFfJADHS9TnVnxEtc63+1fGZRq7Q9lGTjiPc= marc@DESKTOP-PN75VV4\n"
          },
          "sensitive_attributes": [],
          "private": "bnVsbA=="
        }
      ]
    },
    {
      "mode": "managed",
      "type": "local_file",
      "name": "ansible-hosts",
      "provider": "provider[\"registry.terraform.io/hashicorp/local\"]",
      "instances": [
        {
          "schema_version": 0,
          "attributes": {
            "content": "[all:vars]\r\nansible_ssh_common_args='-o StrictHostKeyChecking=no'\r\nCF_Token='GH4pXU5ugYyZU0jLddEXSPcs2nK0vAyZ4bZw9fRw'\r\n\r\n[webserver]\r\ncloud0.nikio.io ansible_user=root ansible_ssh_private_key_file=~/.ssh/id_rsa\r\ncloud1.nikio.io ansible_user=root ansible_ssh_private_key_file=~/.ssh/id_rsa\r\n\r\n[webserver:vars]\r\nansible_ssh_common_args='-o StrictHostKeyChecking=no -o UserKnownHostsFile=/dev/null -o ProxyCommand=\"ssh -W %h:%p -q root@bastion.nikio.io\"'\r\n\r\n[bastion]\r\nbastion.nikio.io ansible_user=root ansible_ssh_private_key_file=~/.ssh/id_rsa ",
            "content_base64": null,
            "content_base64sha256": "lMHrKnLFDacrLnJN/8erc0ZcgrkBBIET2SZ7uEkuO3I=",
            "content_base64sha512": "lyvRaeq80brHJmGrP5OUoq7zQxHM534w+tNwX8uhxN/057rl/+uuriQKQs+MNjBnSFSwU97K0CChTO+Uks0EnA==",
            "content_md5": "5fbef67cba215634c3f17fb6dd4ab73e",
            "content_sha1": "8cb0ba4896a303257c2f205147aab1777a23c9d5",
            "content_sha256": "94c1eb2a72c50da72b2e724dffc7ab73465c82b901048113d9267bb8492e3b72",
            "content_sha512": "972bd169eabcd1bac72661ab3f9394a2aef34311cce77e30fad3705fcba1c4dff4e7bae5ffebaeae240a42cf8c3630674854b053decad020a14cef9492cd049c",
            "directory_permission": "0777",
            "file_permission": "0777",
            "filename": "terraform-hosts",
            "id": "8cb0ba4896a303257c2f205147aab1777a23c9d5",
            "sensitive_content": null,
            "source": null
          },
          "sensitive_attributes": [],
          "dependencies": [
            "cloudflare_record.advancedautomation",
            "hcloud_firewall.bastion-firewall",
            "hcloud_firewall.firewall",
            "hcloud_load_balancer.loadbalancer1",
            "hcloud_network.network",
            "hcloud_server.bastion",
            "hcloud_server.webserver",
            "hcloud_ssh_key.marc"
          ]
        }
      ]
    }
  ],
  "check_results": null
}
