{
  "version": 4,
  "terraform_version": "1.0.11",
  "serial": 532,
  "lineage": "295d0e42-c736-9644-bfc8-7e9556f93b74",
  "outputs": {},
  "resources": [
    {
      "mode": "managed",
      "type": "cloudflare_record",
      "name": "advancedautomation",
      "provider": "provider[\"registry.terraform.io/cloudflare/cloudflare\"]",
      "instances": [
        {
          "index_key": 0,
          "schema_version": 2,
          "attributes": {
            "allow_overwrite": false,
            "created_on": "2022-02-18T10:26:39.613954Z",
            "data": [],
            "hostname": "advancedautomation0.nikio.io",
            "id": "814054f6194a7d6b4173921b28ec0e0a",
            "metadata": {
              "auto_added": "false",
              "managed_by_apps": "false",
              "managed_by_argo_tunnel": "false",
              "source": "primary"
            },
            "modified_on": "2022-02-18T10:26:39.613954Z",
            "name": "advancedautomation0.nikio.io",
            "priority": null,
            "proxiable": true,
            "proxied": false,
            "timeouts": null,
            "ttl": 60,
            "type": "A",
            "value": "195.201.126.6",
            "zone_id": "399c1895e7ce40c9a5d522ccf94a945a"
          },
          "sensitive_attributes": [],
          "private": "eyJlMmJmYjczMC1lY2FhLTExZTYtOGY4OC0zNDM2M2JjN2M0YzAiOnsiY3JlYXRlIjozMDAwMDAwMDAwMCwidXBkYXRlIjozMDAwMDAwMDAwMH0sInNjaGVtYV92ZXJzaW9uIjoiMiJ9",
          "dependencies": [
            "hcloud_server.advancedautomation",
            "hcloud_ssh_key.marc"
          ]
        },
        {
          "index_key": 1,
          "schema_version": 2,
          "attributes": {
            "allow_overwrite": false,
            "created_on": "2022-02-18T10:26:39.328801Z",
            "data": [],
            "hostname": "advancedautomation1.nikio.io",
            "id": "dbdcad1303878a046f3413b4f92726a9",
            "metadata": {
              "auto_added": "false",
              "managed_by_apps": "false",
              "managed_by_argo_tunnel": "false",
              "source": "primary"
            },
            "modified_on": "2022-02-18T10:26:39.328801Z",
            "name": "advancedautomation1.nikio.io",
            "priority": null,
            "proxiable": true,
            "proxied": false,
            "timeouts": null,
            "ttl": 60,
            "type": "A",
            "value": "195.201.126.13",
            "zone_id": "399c1895e7ce40c9a5d522ccf94a945a"
          },
          "sensitive_attributes": [],
          "private": "eyJlMmJmYjczMC1lY2FhLTExZTYtOGY4OC0zNDM2M2JjN2M0YzAiOnsiY3JlYXRlIjozMDAwMDAwMDAwMCwidXBkYXRlIjozMDAwMDAwMDAwMH0sInNjaGVtYV92ZXJzaW9uIjoiMiJ9",
          "dependencies": [
            "hcloud_server.advancedautomation",
            "hcloud_ssh_key.marc"
          ]
        },
        {
          "index_key": 2,
          "schema_version": 2,
          "attributes": {
            "allow_overwrite": false,
            "created_on": "2022-02-18T10:26:39.099138Z",
            "data": [],
            "hostname": "advancedautomation2.nikio.io",
            "id": "4f32c015c295e3f2222b720586c38297",
            "metadata": {
              "auto_added": "false",
              "managed_by_apps": "false",
              "managed_by_argo_tunnel": "false",
              "source": "primary"
            },
            "modified_on": "2022-02-18T10:26:39.099138Z",
            "name": "advancedautomation2.nikio.io",
            "priority": null,
            "proxiable": true,
            "proxied": false,
            "timeouts": null,
            "ttl": 60,
            "type": "A",
            "value": "195.201.126.4",
            "zone_id": "399c1895e7ce40c9a5d522ccf94a945a"
          },
          "sensitive_attributes": [],
          "private": "eyJlMmJmYjczMC1lY2FhLTExZTYtOGY4OC0zNDM2M2JjN2M0YzAiOnsiY3JlYXRlIjozMDAwMDAwMDAwMCwidXBkYXRlIjozMDAwMDAwMDAwMH0sInNjaGVtYV92ZXJzaW9uIjoiMiJ9",
          "dependencies": [
            "hcloud_server.advancedautomation",
            "hcloud_ssh_key.marc"
          ]
        }
      ]
    },
    {
      "mode": "managed",
      "type": "cloudflare_record",
      "name": "advancedautomation_lb",
      "provider": "provider[\"registry.terraform.io/cloudflare/cloudflare\"]",
      "instances": [
        {
          "schema_version": 2,
          "attributes": {
            "allow_overwrite": false,
            "created_on": "2022-02-18T10:26:32.047958Z",
            "data": [],
            "hostname": "advancedautomation.nikio.io",
            "id": "c95449d9a87c8a086abf4e807779c10e",
            "metadata": {
              "auto_added": "false",
              "managed_by_apps": "false",
              "managed_by_argo_tunnel": "false",
              "source": "primary"
            },
            "modified_on": "2022-02-18T10:26:32.047958Z",
            "name": "advancedautomation.nikio.io",
            "priority": null,
            "proxiable": true,
            "proxied": false,
            "timeouts": null,
            "ttl": 60,
            "type": "A",
            "value": "167.233.12.66",
            "zone_id": "399c1895e7ce40c9a5d522ccf94a945a"
          },
          "sensitive_attributes": [],
          "private": "eyJlMmJmYjczMC1lY2FhLTExZTYtOGY4OC0zNDM2M2JjN2M0YzAiOnsiY3JlYXRlIjozMDAwMDAwMDAwMCwidXBkYXRlIjozMDAwMDAwMDAwMH0sInNjaGVtYV92ZXJzaW9uIjoiMiJ9",
          "dependencies": [
            "hcloud_load_balancer.advancedautomation_lb"
          ]
        }
      ]
    },
    {
      "mode": "managed",
      "type": "hcloud_load_balancer",
      "name": "advancedautomation_lb",
      "provider": "provider[\"registry.terraform.io/hetznercloud/hcloud\"]",
      "instances": [
        {
          "schema_version": 0,
          "attributes": {
            "algorithm": [
              {
                "type": "round_robin"
              }
            ],
            "delete_protection": false,
            "id": "622613",
            "ipv4": "167.233.12.66",
            "ipv6": "2a01:4f8:1c1d:64e::1",
            "labels": {},
            "load_balancer_type": "lb11",
            "location": "nbg1",
            "name": "advancedautomation",
            "network_id": null,
            "network_ip": null,
            "network_zone": "eu-central",
            "target": [
              {
                "server_id": 18092832,
                "type": "server",
                "use_private_ip": false
              },
              {
                "server_id": 18092833,
                "type": "server",
                "use_private_ip": false
              },
              {
                "server_id": 18092836,
                "type": "server",
                "use_private_ip": false
              }
            ]
          },
          "sensitive_attributes": [],
          "private": "bnVsbA=="
        }
      ]
    },
    {
      "mode": "managed",
      "type": "hcloud_load_balancer_service",
      "name": "load_balancer_service_http",
      "provider": "provider[\"registry.terraform.io/hetznercloud/hcloud\"]",
      "instances": [
        {
          "schema_version": 0,
          "attributes": {
            "destination_port": 80,
            "health_check": [
              {
                "http": [
                  {
                    "domain": "",
                    "path": "/",
                    "response": "",
                    "status_codes": [
                      "2??",
                      "3??"
                    ],
                    "tls": false
                  }
                ],
                "interval": 15,
                "port": 80,
                "protocol": "http",
                "retries": 3,
                "timeout": 10
              }
            ],
            "http": [
              {
                "certificates": [],
                "cookie_lifetime": 300,
                "cookie_name": "HCLBSTICKY",
                "redirect_http": false,
                "sticky_sessions": false
              }
            ],
            "id": "622613__80",
            "listen_port": 80,
            "load_balancer_id": "622613",
            "protocol": "http",
            "proxyprotocol": false
          },
          "sensitive_attributes": [],
          "private": "bnVsbA==",
          "dependencies": [
            "hcloud_load_balancer.advancedautomation_lb"
          ]
        }
      ]
    },
    {
      "mode": "managed",
      "type": "hcloud_load_balancer_service",
      "name": "load_balancer_service_https",
      "provider": "provider[\"registry.terraform.io/hetznercloud/hcloud\"]",
      "instances": [
        {
          "schema_version": 0,
          "attributes": {
            "destination_port": 443,
            "health_check": [
              {
                "http": [],
                "interval": 15,
                "port": 443,
                "protocol": "tcp",
                "retries": 3,
                "timeout": 10
              }
            ],
            "http": [],
            "id": "622613__443",
            "listen_port": 443,
            "load_balancer_id": "622613",
            "protocol": "tcp",
            "proxyprotocol": false
          },
          "sensitive_attributes": [],
          "private": "bnVsbA==",
          "dependencies": [
            "hcloud_load_balancer.advancedautomation_lb"
          ]
        }
      ]
    },
    {
      "mode": "managed",
      "type": "hcloud_load_balancer_target",
      "name": "load_balancer_target",
      "provider": "provider[\"registry.terraform.io/hetznercloud/hcloud\"]",
      "instances": [
        {
          "index_key": 0,
          "schema_version": 0,
          "attributes": {
            "id": "lb-srv-tgt-18092833-622613",
            "ip": null,
            "label_selector": null,
            "load_balancer_id": 622613,
            "server_id": 18092833,
            "type": "server",
            "use_private_ip": false
          },
          "sensitive_attributes": [],
          "private": "bnVsbA==",
          "dependencies": [
            "hcloud_load_balancer.advancedautomation_lb",
            "hcloud_server.advancedautomation",
            "hcloud_ssh_key.marc"
          ]
        },
        {
          "index_key": 1,
          "schema_version": 0,
          "attributes": {
            "id": "lb-srv-tgt-18092832-622613",
            "ip": null,
            "label_selector": null,
            "load_balancer_id": 622613,
            "server_id": 18092832,
            "type": "server",
            "use_private_ip": false
          },
          "sensitive_attributes": [],
          "private": "bnVsbA==",
          "dependencies": [
            "hcloud_server.advancedautomation",
            "hcloud_ssh_key.marc",
            "hcloud_load_balancer.advancedautomation_lb"
          ]
        },
        {
          "index_key": 2,
          "schema_version": 0,
          "attributes": {
            "id": "lb-srv-tgt-18092836-622613",
            "ip": null,
            "label_selector": null,
            "load_balancer_id": 622613,
            "server_id": 18092836,
            "type": "server",
            "use_private_ip": false
          },
          "sensitive_attributes": [],
          "private": "bnVsbA==",
          "dependencies": [
            "hcloud_load_balancer.advancedautomation_lb",
            "hcloud_server.advancedautomation",
            "hcloud_ssh_key.marc"
          ]
        }
      ]
    },
    {
      "mode": "managed",
      "type": "hcloud_server",
      "name": "advancedautomation",
      "provider": "provider[\"registry.terraform.io/hetznercloud/hcloud\"]",
      "instances": [
        {
          "index_key": 0,
          "schema_version": 0,
          "attributes": {
            "backup_window": "",
            "backups": false,
            "datacenter": "nbg1-dc3",
            "delete_protection": false,
            "firewall_ids": [],
            "id": "18092833",
            "image": "centos-stream-9",
            "ipv4_address": "195.201.126.6",
            "ipv6_address": "2a01:4f8:1c1e:7ac1::1",
            "ipv6_network": "2a01:4f8:1c1e:7ac1::/64",
            "iso": null,
            "keep_disk": false,
            "labels": {},
            "location": "nbg1",
            "name": "advancedautomation0.nikio.io",
            "network": [],
            "placement_group_id": null,
            "rebuild_protection": false,
            "rescue": null,
            "server_type": "cx11",
            "ssh_keys": [
              "5605333"
            ],
            "status": "running",
            "timeouts": null,
            "user_data": null
          },
          "sensitive_attributes": [],
          "private": "eyJlMmJmYjczMC1lY2FhLTExZTYtOGY4OC0zNDM2M2JjN2M0YzAiOnsiY3JlYXRlIjo1NDAwMDAwMDAwMDAwfX0=",
          "dependencies": [
            "hcloud_ssh_key.marc"
          ]
        },
        {
          "index_key": 1,
          "schema_version": 0,
          "attributes": {
            "backup_window": "",
            "backups": false,
            "datacenter": "nbg1-dc3",
            "delete_protection": false,
            "firewall_ids": [],
            "id": "18092832",
            "image": "centos-stream-9",
            "ipv4_address": "195.201.126.13",
            "ipv6_address": "2a01:4f8:1c1e:7b34::1",
            "ipv6_network": "2a01:4f8:1c1e:7b34::/64",
            "iso": null,
            "keep_disk": false,
            "labels": {},
            "location": "nbg1",
            "name": "advancedautomation1.nikio.io",
            "network": [],
            "placement_group_id": null,
            "rebuild_protection": false,
            "rescue": null,
            "server_type": "cx11",
            "ssh_keys": [
              "5605333"
            ],
            "status": "running",
            "timeouts": null,
            "user_data": null
          },
          "sensitive_attributes": [],
          "private": "eyJlMmJmYjczMC1lY2FhLTExZTYtOGY4OC0zNDM2M2JjN2M0YzAiOnsiY3JlYXRlIjo1NDAwMDAwMDAwMDAwfX0=",
          "dependencies": [
            "hcloud_ssh_key.marc"
          ]
        },
        {
          "index_key": 2,
          "schema_version": 0,
          "attributes": {
            "backup_window": "",
            "backups": false,
            "datacenter": "nbg1-dc3",
            "delete_protection": false,
            "firewall_ids": [],
            "id": "18092836",
            "image": "centos-stream-9",
            "ipv4_address": "195.201.126.4",
            "ipv6_address": "2a01:4f8:1c1e:7ac4::1",
            "ipv6_network": "2a01:4f8:1c1e:7ac4::/64",
            "iso": null,
            "keep_disk": false,
            "labels": {},
            "location": "nbg1",
            "name": "advancedautomation2.nikio.io",
            "network": [],
            "placement_group_id": null,
            "rebuild_protection": false,
            "rescue": null,
            "server_type": "cx11",
            "ssh_keys": [
              "5605333"
            ],
            "status": "running",
            "timeouts": null,
            "user_data": null
          },
          "sensitive_attributes": [],
          "private": "eyJlMmJmYjczMC1lY2FhLTExZTYtOGY4OC0zNDM2M2JjN2M0YzAiOnsiY3JlYXRlIjo1NDAwMDAwMDAwMDAwfX0=",
          "dependencies": [
            "hcloud_ssh_key.marc"
          ]
        }
      ]
    },
    {
      "mode": "managed",
      "type": "hcloud_ssh_key",
      "name": "marc",
      "provider": "provider[\"registry.terraform.io/hetznercloud/hcloud\"]",
      "instances": [
        {
          "schema_version": 0,
          "attributes": {
            "fingerprint": "d2:a5:c0:95:e8:4a:03:85:b5:2b:26:37:fe:65:d2:e4",
            "id": "5605333",
            "labels": {},
            "name": "Marc",
            "public_key": "ssh-rsa AAAAB3NzaC1yc2EAAAADAQABAAABgQDPpsrQoYM4BY+7R2DJottERir779ZKDOd4RUg6NkknNLdZpmmzog7ofMYiRUCDDD+s60yKGHbfHgTXcOrQgOM6+2y0baBRQDkDsgNDycFhWD8Jd5HoONoVZFgrlOHgPMY87Wb6Q3nx6l6oRG8D6YXVBRBDleCMPV4Rgm1hvF8GAzLQxFVEN+bVeyIO8gIFJ/xpHJwzpzs1sCKQKnVGvnz1NijsIQ7aEVEhxhSXBvv6HKhfizXjfgL+P43FUu5QifNm4QuW0DsW8y3D3CA7SghRZ3uWq69be+27nWC5/nvWOrs1jye72U9Ie8LNO5Yf17l9XobXMGK7vPbWHr+aO5pLHaCQuWtGXvvvvdDIvg+h5bOL6noaKry5R5MjtAiAFmO+Hg6/9kVmHEC6wWy4WrclBAP4dif+f2aElWme9hROM4KYpQVNU6oX+Rzr4xa/px5rbY0pOL6Ii/tTO2psCwoekowYTA3oFfJADHS9TnVnxEtc63+1fGZRq7Q9lGTjiPc= marc@DESKTOP-PN75VV4\n"
          },
          "sensitive_attributes": [],
          "private": "bnVsbA=="
        }
      ]
    },
    {
      "mode": "managed",
      "type": "local_file",
      "name": "ansible-hosts",
      "provider": "provider[\"registry.terraform.io/hashicorp/local\"]",
      "instances": [
        {
          "schema_version": 0,
          "attributes": {
            "content": "[all:vars]\r\nansible_ssh_common_args='-o StrictHostKeyChecking=no'\r\nCF_Token='XhrNCxWDzx3m-6D6s62tVIxkFkah7eyWUAy4xjcG'\r\n\r\n[webserver]\r\nadvancedautomation0.nikio.io ansible_user=root\r\nadvancedautomation1.nikio.io ansible_user=root\r\nadvancedautomation2.nikio.io ansible_user=root\r\n\r\n",
            "content_base64": null,
            "directory_permission": "0777",
            "file_permission": "0777",
            "filename": "terraform-hosts",
            "id": "77295010bd1325d2989e82e919008e5f09c7572e",
            "sensitive_content": null,
            "source": null
          },
          "sensitive_attributes": [],
          "private": "bnVsbA==",
          "dependencies": [
            "cloudflare_record.advancedautomation",
            "hcloud_server.advancedautomation",
            "hcloud_ssh_key.marc"
          ]
        }
      ]
    }
  ]
}
